
Microsoft Visual Studio Solution File, Format Version 12.00
# Visual Studio Version 16
VisualStudioVersion = 16.0.31515.178
MinimumVisualStudioVersion = 10.0.40219.1
Project("{FAE04EC0-301F-11D3-BF4B-00C04F79EFBC}") = "HelpDeskAPI", "HelpDeskAPI\HelpDeskAPI.csproj", "{A2CB679D-7B40-44FD-936F-05D3C5EA66D1}"
EndProject
Global
	GlobalSection(SolutionConfigurationPlatforms) = preSolution
		Debug|Any CPU = Debug|Any CPU
		Release|Any CPU = Release|Any CPU
	EndGlobalSection
	GlobalSection(ProjectConfigurationPlatforms) = postSolution
		{A2CB679D-7B40-44FD-936F-05D3C5EA66D1}.Debug|Any CPU.ActiveCfg = Debug|Any CPU
		{A2CB679D-7B40-44FD-936F-05D3C5EA66D1}.Debug|Any CPU.Build.0 = Debug|Any CPU
		{A2CB679D-7B40-44FD-936F-05D3C5EA66D1}.Release|Any CPU.ActiveCfg = Release|Any CPU
		{A2CB679D-7B40-44FD-936F-05D3C5EA66D1}.Release|Any CPU.Build.0 = Release|Any CPU
	EndGlobalSection
	GlobalSection(SolutionProperties) = preSolution
		HideSolutionNode = FALSE
	EndGlobalSection
	GlobalSection(ExtensibilityGlobals) = postSolution
		SolutionGuid = {F65A1558-FC2F-4748-939F-45BFF10F86F6}
	EndGlobalSection
EndGlobal
